
Microsoft Visual Studio Solution File, Format Version 12.00
# Visual Studio 2013
VisualStudioVersion = 12.0.21005.1
MinimumVisualStudioVersion = 10.0.40219.1
Project("{FAE04EC0-301F-11D3-BF4B-00C04F79EFBC}") = "PAr1500", "PAr1500\PAr1500.csproj", "{5A1AB0DE-52E2-424E-B644-A6DD66DAEABA}"
EndProject
Global
	GlobalSection(SolutionConfigurationPlatforms) = preSolution
		Debug|Any CPU = Debug|Any CPU
		Release|Any CPU = Release|Any CPU
	EndGlobalSection
	GlobalSection(ProjectConfigurationPlatforms) = postSolution
		{5A1AB0DE-52E2-424E-B644-A6DD66DAEABA}.Debug|Any CPU.ActiveCfg = Debug|Any CPU
		{5A1AB0DE-52E2-424E-B644-A6DD66DAEABA}.Debug|Any CPU.Build.0 = Debug|Any CPU
		{5A1AB0DE-52E2-424E-B644-A6DD66DAEABA}.Release|Any CPU.ActiveCfg = Release|Any CPU
		{5A1AB0DE-52E2-424E-B644-A6DD66DAEABA}.Release|Any CPU.Build.0 = Release|Any CPU
	EndGlobalSection
	GlobalSection(SolutionProperties) = preSolution
		HideSolutionNode = FALSE
	EndGlobalSection
EndGlobal
